{
  "name": "epanet-js-lab",
  "lockfileVersion": 3,
  "requires": true,
  "packages": {
    "": {
      "dependencies": {
        "epanet-js": "^0.7.0",
        "fs": "^0.0.1-security"
      }
    },
    "node_modules/@model-create/epanet-engine": {
      "version": "0.7.0",
      "resolved": "https://registry.npmjs.org/@model-create/epanet-engine/-/epanet-engine-0.7.0.tgz",
      "integrity": "sha512-arXG4bOKUZLR1LkkBvo3f6yteFUGsXvYhxvdj9S/TJdz/xHhHUspcepTzV8KKIh3HEWMu0iTcRtgjJwvmeUcpw=="
    },
    "node_modules/epanet-js": {
      "version": "0.7.0",
      "resolved": "https://registry.npmjs.org/epanet-js/-/epanet-js-0.7.0.tgz",
      "integrity": "sha512-LOi9Lpu8s4b88O84wqr5hFdyQAd48UMTjZG+uShg2qCaG0fPLBcHS322Gkp96KiWwOMZixVSxBzAkWj7+lnFmg==",
      "dependencies": {
        "@model-create/epanet-engine": "0.7.0"
      }
    },
    "node_modules/fs": {
      "version": "0.0.1-security",
      "resolved": "https://registry.npmjs.org/fs/-/fs-0.0.1-security.tgz",
      "integrity": "sha512-3XY9e1pP0CVEUCdj5BmfIZxRBTSDycnbqhIOGec9QYtmVH2fbLpj86CFWkrNOkt/Fvty4KZG5lTglL9j/gJ87w=="
    }
  }
}
